github.com/cenk/hub v1.0.1 h1:RBwXNOF4a8KjD8BJ08XqN8KbrqaGiQLDrgvUGJSHuPA=
github.com/cenk/hub v1.0.1/go.mod h1:rJM1LNAW0ppT8FMMuPK6c2NP/R2nH/UthtuRySSaf6Y=
github.com/cenkalti/hub v1.0.1 h1:UMtjc6dHSaOQTO15SVA50MBIR9zQwvsukQupDrkIRtg=
github.com/cenkalti/hub v1.0.1/go.mod h1:tcYwtS3a2d9NO/0xDXVJWx3IedurUjYCqFCmpi0lpHs=
github.com/cgrates/birpc v1.3.1-0.20210413080448-f81834a37fd3 h1:AJrOcYMIQ/8X1i/kfqwOkQghxfJcPUloSRfK0n38JhI=
github.com/cgrates/birpc v1.3.1-0.20210413080448-f81834a37fd3/go.mod h1:z/PmNnDPqSQALedKJv5T8+eXIq6XHa9J0St1YsvAVns=
