github.com/cenk/hub v1.0.1 h1:RBwXNOF4a8KjD8BJ08XqN8KbrqaGiQLDrgvUGJSHuPA=
github.com/cenk/hub v1.0.1/go.mod h1:rJM1LNAW0ppT8FMMuPK6c2NP/R2nH/UthtuRySSaf6Y=
github.com/cenkalti/hub v1.0.1 h1:UMtjc6dHSaOQTO15SVA50MBIR9zQwvsukQupDrkIRtg=
github.com/cenkalti/hub v1.0.1/go.mod h1:tcYwtS3a2d9NO/0xDXVJWx3IedurUjYCqFCmpi0lpHs=
github.com/cgrates/birpc v1.3.1-0.20210412111352-7281ab41f2fd h1:V8wb43eGTfj8GQ2CX89zwyIjloEE/aHFNC3t5IyJB4Y=
github.com/cgrates/birpc v1.3.1-0.20210412111352-7281ab41f2fd/go.mod h1:z/PmNnDPqSQALedKJv5T8+eXIq6XHa9J0St1YsvAVns=
